{
  "lockfileVersion": 2,
  "configVersion": 1,
  "workspaces": {
    "": {
      "name": "@broapp/workspace",
      "devDependencies": {
        "@brobridgejs/client": "^0.2.1",
        "@types/bun": "^1.2.0",
        "@types/react": "^19.0.0",
        "@types/react-dom": "^19.0.0",
        "@types/ws": "^8.18.1",
        "ai": "7.0.93",
        "broapp": "workspace:*",
        "broapp-ai-anthropic": "workspace:*",
        "broapp-ai-compatible": "workspace:*",
        "brobridge": "^0.2.1",
        "typescript": "^5.7.2",
        "ws": "^8.21.3",
      },
    },
    "examples/dashboard": {
      "name": "dashboard",
      "version": "0.1.0",
      "dependencies": {
        "broapp": "workspace:*",
        "react": "^19.0.0",
        "react-dom": "^19.0.0",
      },
      "devDependencies": {
        "@types/bun": "^1.2.0",
        "@types/react": "^19.0.0",
        "@types/react-dom": "^19.0.0",
        "typescript": "^5.7.2",
      },
    },
    "examples/file-processor": {
      "name": "file-processor",
      "version": "0.1.0",
      "dependencies": {
        "broapp": "workspace:*",
        "react": "^19.0.0",
        "react-dom": "^19.0.0",
      },
      "devDependencies": {
        "@types/bun": "^1.2.0",
        "@types/react": "^19.0.0",
        "@types/react-dom": "^19.0.0",
        "typescript": "^5.7.2",
      },
    },
    "examples/notes": {
      "name": "notes",
      "version": "0.1.0",
      "dependencies": {
        "broapp": "workspace:*",
        "broapp-ai-anthropic": "workspace:*",
        "broapp-ai-compatible": "workspace:*",
        "react": "^19.0.0",
        "react-dom": "^19.0.0",
      },
      "devDependencies": {
        "@types/bun": "^1.2.0",
        "@types/react": "^19.0.0",
        "@types/react-dom": "^19.0.0",
        "typescript": "^5.7.2",
      },
    },
    "packages/broapp": {
      "name": "broapp",
      "version": "0.2.0",
      "bin": {
        "broapp": "src/cli/main.ts",
      },
      "dependencies": {
        "@brobridgejs/client": "^0.2.1",
        "@brobridgejs/core": "^0.2.1",
        "brobridge": "^0.2.1",
      },
      "devDependencies": {
        "@types/react": "^19.0.0",
        "react": "^19.0.0",
      },
      "peerDependencies": {
        "ai": "7.0.93",
        "react": ">=18",
      },
      "optionalPeers": [
        "ai",
        "react",
      ],
    },
    "packages/broapp-ai-anthropic": {
      "name": "broapp-ai-anthropic",
      "version": "0.2.0",
      "dependencies": {
        "@ai-sdk/anthropic": "4.0.49",
        "ai": "7.0.93",
      },
      "devDependencies": {
        "@types/bun": "^1.2.0",
        "broapp": "workspace:*",
        "typescript": "^5.7.2",
      },
      "peerDependencies": {
        "broapp": ">=0.2.0",
      },
    },
    "packages/broapp-ai-compatible": {
      "name": "broapp-ai-compatible",
      "version": "0.2.0",
      "dependencies": {
        "@ai-sdk/openai-compatible": "3.0.44",
        "ai": "7.0.93",
      },
      "devDependencies": {
        "@types/bun": "^1.2.0",
        "broapp": "workspace:*",
        "typescript": "^5.7.2",
      },
      "peerDependencies": {
        "broapp": ">=0.2.0",
      },
    },
    "packages/create-broapp": {
      "name": "create-broapp",
      "version": "0.2.0",
      "bin": {
        "create-broapp": "./src/main.ts",
      },
    },
  },
  "packages": {
    "@ai-sdk/anthropic": ["@ai-sdk/anthropic@4.0.49", "", { "dependencies": { "@ai-sdk/provider": "4.0.10", "@ai-sdk/provider-utils": "5.0.36" }, "peerDependencies": { "zod": "^3.25.76 || ^4.1.8" } }, "sha512-fzy2sLrs3vNsliIgx65fuovsa6a7OTXd6DllKUgLuVmPyqLnvoZCv9NlKgq+krzDzSxLb9d0zTaJJpsjBVLNyA=="],

    "@ai-sdk/gateway": ["@ai-sdk/gateway@4.0.75", "", { "dependencies": { "@ai-sdk/provider": "4.0.10", "@ai-sdk/provider-utils": "5.0.36", "@vercel/oidc": "3.2.0" }, "peerDependencies": { "zod": "^3.25.76 || ^4.1.8" } }, "sha512-HOnhw3oXtBnboBF7kAKipjToCN6+5w6EuukiUKiULcxBitS+vbHRRv9IUBcq+Z1wkXcJjfywKrt5r++I6OYyXg=="],

    "@ai-sdk/openai-compatible": ["@ai-sdk/openai-compatible@3.0.44", "", { "dependencies": { "@ai-sdk/provider": "4.0.10", "@ai-sdk/provider-utils": "5.0.36" }, "peerDependencies": { "zod": "^3.25.76 || ^4.1.8" } }, "sha512-pK7mERd/aIJVtyQCe/nV3G3iEJCY1no8GHDOGbgpNC+petjSfsxj+ni0Q8WVVehTUiY9B04F3Xvir+icBgORCg=="],

    "@ai-sdk/provider": ["@ai-sdk/provider@4.0.10", "", { "dependencies": { "json-schema": "^0.4.0" } }, "sha512-fX2ENAc7iDpZ+Wp4+Rk06Usn/Ys7dI9uAkGv0jlF6XVrW13NkRWx5Ou+U6lIM2E1fTLkCs16GGrUAaVvroag7A=="],

    "@ai-sdk/provider-utils": ["@ai-sdk/provider-utils@5.0.36", "", { "dependencies": { "@ai-sdk/provider": "4.0.10", "@standard-schema/spec": "^1.1.0", "@workflow/serde": "4.1.0", "eventsource-parser": "^3.0.8", "undici": "^7.29.0" }, "peerDependencies": { "zod": "^3.25.76 || ^4.1.8" } }, "sha512-MFXBn6XDyf37PNQAge/HTatPJE8Vmg/g/w4WPtjSV53jq8FKAzoaN5+43hsdQa9bqgN+/13jxug9ChvsG+godQ=="],

    "@brobridgejs/client": ["@brobridgejs/client@0.2.1", "", { "dependencies": { "@brobridgejs/core": "^0.2.1" } }, "sha512-t6TGv8AnpYIo8CfbqSqAqaVCHzSB59UXfcJEnbZuvaVxOYoNwe2GlG299BgYKHsLU1/uG2phKzeGOyT3SQT/kg=="],

    "@brobridgejs/core": ["@brobridgejs/core@0.2.1", "", {}, "sha512-rTufwoaebQRbKJderPX+KcvzAFn0Zd5AQq6I5kzQZYHPLzpPGxNGkDu57D+vavYxy/4EQlxqxyJ10kdSVzhJHQ=="],

    "@standard-schema/spec": ["@standard-schema/spec@1.1.0", "", {}, "sha512-l2aFy5jALhniG5HgqrD6jXLi/rUWrKvqN/qJx6yoJsgKhblVd+iqqU4RCXavm/jPityDo5TCvKMnpjKnOriy0w=="],

    "@types/bun": ["@types/bun@1.4.1", "", { "dependencies": { "bun-types": "1.4.1" } }, "sha512-0AVGiTXGajf1rgKom3N+c5L7CBxuoyyv1i44M0nX4UDK0G/fnRAMiri93nHuVPIb429KKtAgj7HatVmmOjeQLA=="],

    "@types/node": ["@types/node@26.4.1", "", { "dependencies": { "undici-types": "~8.3.0" } }, "sha512-k97ENvZWtvA6yqz5/FS6a7duDgOPEeOQOc2iKS/nY6mX6qJUKtLnWzQS+Xj6tXweyj6ZcTAK2Qecetnvi9nCLA=="],

    "@types/react": ["@types/react@19.2.18", "", { "dependencies": { "csstype": "^3.2.2" } }, "sha512-AnzbBERsrLKtk2XSfTbYRLjQPdy116Sty4q+T+Bp3IC4l6jNBvreVPAHmpq9qhXQM7CXZPjLVmGMw9sy+hxQ3w=="],

    "@types/react-dom": ["@types/react-dom@19.2.7", "", { "peerDependencies": { "@types/react": "^19.2.0" } }, "sha512-I8bPpDLcHBv1qiIiXDCy71Rt8eQDKJP0sMSWJphDdAcdqiJ1sGpZamavoEIRZmYzjia9LuEb2HlYdDpmoENpvQ=="],

    "@types/ws": ["@types/ws@8.18.1", "", { "dependencies": { "@types/node": "*" } }, "sha512-ThVF6DCVhA8kUGy+aazFQ4kXQ7E1Ty7A3ypFOe0IcJV8O/M511G99AW24irKrW56Wt44yG9+ij8FaqoBGkuBXg=="],

    "@vercel/oidc": ["@vercel/oidc@3.2.0", "", {}, "sha512-UycprH3T6n3jH0k44NHMa7pnFHGu/N05MjojYr+Mc6I7obkoLIJujSWwin1pCvdy/eOxrI/l3uDLQsmcrOb4ug=="],

    "@workflow/serde": ["@workflow/serde@4.1.0", "", {}, "sha512-pav4F2BoirECWR7Nf1TKt+2eETcBj7jj4cBefQ8VXQCA6NPkaKeLfj/zMgi+3zYV5ZIBT4GuUiphsj0/b9hPQQ=="],

    "ai": ["ai@7.0.93", "", { "dependencies": { "@ai-sdk/gateway": "4.0.75", "@ai-sdk/provider": "4.0.10", "@ai-sdk/provider-utils": "5.0.36" }, "peerDependencies": { "zod": "^3.25.76 || ^4.1.8" } }, "sha512-CJss6zb9mlltk/mCr8qom20NBnqEQxVawkqwtT62tCwsxilZpXfHNRMRwcS3XRpzdP1kEluVuDBUayYWEEd95g=="],

    "broapp": ["broapp@workspace:packages/broapp"],

    "broapp-ai-anthropic": ["broapp-ai-anthropic@workspace:packages/broapp-ai-anthropic"],

    "broapp-ai-compatible": ["broapp-ai-compatible@workspace:packages/broapp-ai-compatible"],

    "brobridge": ["brobridge@0.2.1", "", { "dependencies": { "@brobridgejs/core": "^0.2.1", "ws": "^8.21.3" } }, "sha512-cFT/fxz0TLhZl9vMlN79YAoroAzDUGIFP/9FuKXDUcKE/O8BZYybGSmzOB7Rs3ZOprUhLaJVPuZSNbs8pn/k0w=="],

    "bun-types": ["bun-types@1.4.1", "", { "dependencies": { "@types/node": "*" } }, "sha512-loKuVrAFZKfEv+JvWkHRS9GW5IqLuLRjVXN9p+vZvBN86O5hf/pBZQ5hSoyipsrMmWObZBDvWnlmKvjKTM0PdA=="],

    "create-broapp": ["create-broapp@workspace:packages/create-broapp"],

    "csstype": ["csstype@3.2.3", "", {}, "sha512-z1HGKcYy2xA8AGQfwrn0PAy+PB7X/GSj3UVJW9qKyn43xWa+gl5nXmU4qqLMRzWVLFC8KusUX8T/0kCiOYpAIQ=="],

    "dashboard": ["dashboard@workspace:examples/dashboard"],

    "eventsource-parser": ["eventsource-parser@3.1.1", "", {}, "sha512-EKN1vKAMcZ8MlYMpaNuxN6R9yakzH6uajHcHVTqWJzvu5pWw9DyhbP35HH8MVBQ+dZjAfDxk+A8NiR9KWaXiyQ=="],

    "file-processor": ["file-processor@workspace:examples/file-processor"],

    "json-schema": ["json-schema@0.4.0", "", {}, "sha512-es94M3nTIfsEPisRafak+HDLfHXnKBhV3vU5eqPcS3flIWqcxJWgXHXiey3YrpaNsanY5ei1VoYEbOzijuq9BA=="],

    "notes": ["notes@workspace:examples/notes"],

    "react": ["react@19.2.8", "", {}, "sha512-PWaYA1L/q9u2u7xYQi+Y3L3Yfnie7XyLeaJICV1MGD6LprsBxcAqGjYyr0eY3p+QdsA+x/Irkt4Qif8D63+Sbw=="],

    "react-dom": ["react-dom@19.2.8", "", { "dependencies": { "scheduler": "^0.27.0" }, "peerDependencies": { "react": "^19.2.8" } }, "sha512-rVprimfGBG3DR+Tq0IQG2DT5PxKth1WIGDmj5yPmlzr4YBe7uyE+Du4oVqTDXZSHGGGXRtTJEGSSePyQCMBglQ=="],

    "scheduler": ["scheduler@0.27.0", "", {}, "sha512-eNv+WrVbKu1f3vbYJT/xtiF5syA5HPIMtf9IgY/nKg0sWqzAUEvqY/xm7OcZc/qafLx/iO9FgOmeSAp4v5ti/Q=="],

    "typescript": ["typescript@5.9.3", "", { "bin": { "tsc": "bin/tsc", "tsserver": "bin/tsserver" } }, "sha512-jl1vZzPDinLr9eUt3J/t7V6FgNEw9QjvBPdysz9KfQDD41fQrC2Y4vKQdiaUpFT4bXlb1RHhLpp8wtm6M5TgSw=="],

    "undici": ["undici@7.29.1", "", {}, "sha512-RYONW2MeafgYlkVOKYKkA/Ag7BmXqgIWCa8t1m0JcxrQg9pI9lEqRhAOruOBCbAohOa/gkCF+iPi9hrgvTzu6Q=="],

    "undici-types": ["undici-types@8.3.0", "", {}, "sha512-j375ScV60dom+YkPFIfTLcOiPxkN/buHz5GobjLhixFuANaNs3C9l4GmrWqejgXWJ7BbJcFYpTEUkS1Ge8bpZQ=="],

    "ws": ["ws@8.21.3", "", { "peerDependencies": { "bufferutil": "^4.0.1", "utf-8-validate": ">=5.0.2" }, "optionalPeers": ["bufferutil", "utf-8-validate"] }, "sha512-201TZ/kPWxoPr/OKWjquZR1SWKXcvxdH+e1xrx89b3YbmzLMFCLfnaG1HFIgWzJOEWZ7MvpK++odZufgYR50Rw=="],

    "zod": ["zod@4.5.4", "", {}, "sha512-sC95tT5iHHH9gtpj6A81kh+NEaRAUFN+qlUPDUbRfOMvNf5QCBqsb3WgvnpVtK5Y+4UfA6KqufotuTvMGiTlsA=="],
  }
}
