{
  "lockfileVersion": 2,
  "configVersion": 1,
  "workspaces": {
    "": {
      "name": "@broapp/workspace",
      "devDependencies": {
        "@brobridgejs/client": "^0.2.0",
        "@types/bun": "^1.2.0",
        "@types/react": "^19.0.0",
        "@types/react-dom": "^19.0.0",
        "@types/ws": "^8.18.1",
        "broapp": "workspace:*",
        "brobridge": "^0.2.0",
        "typescript": "^5.7.2",
        "ws": "^8.21.3",
      },
    },
    "examples/dashboard": {
      "name": "dashboard",
      "version": "0.1.0",
      "dependencies": {
        "broapp": "workspace:*",
        "react": "^19.0.0",
        "react-dom": "^19.0.0",
      },
      "devDependencies": {
        "@types/bun": "^1.2.0",
        "@types/react": "^19.0.0",
        "@types/react-dom": "^19.0.0",
        "typescript": "^5.7.2",
      },
    },
    "examples/file-processor": {
      "name": "file-processor",
      "version": "0.1.0",
      "dependencies": {
        "broapp": "workspace:*",
        "react": "^19.0.0",
        "react-dom": "^19.0.0",
      },
      "devDependencies": {
        "@types/bun": "^1.2.0",
        "@types/react": "^19.0.0",
        "@types/react-dom": "^19.0.0",
        "typescript": "^5.7.2",
      },
    },
    "examples/notes": {
      "name": "notes",
      "version": "0.1.0",
      "dependencies": {
        "broapp": "workspace:*",
        "react": "^19.0.0",
        "react-dom": "^19.0.0",
      },
      "devDependencies": {
        "@types/bun": "^1.2.0",
        "@types/react": "^19.0.0",
        "@types/react-dom": "^19.0.0",
        "typescript": "^5.7.2",
      },
    },
    "packages/broapp": {
      "name": "broapp",
      "version": "0.1.0",
      "bin": {
        "broapp": "./src/cli/main.ts",
      },
      "dependencies": {
        "@brobridgejs/client": "^0.2.0",
        "@brobridgejs/core": "^0.2.0",
        "brobridge": "^0.2.0",
      },
      "devDependencies": {
        "@types/react": "^19.0.0",
        "react": "^19.0.0",
      },
      "peerDependencies": {
        "react": ">=18",
      },
      "optionalPeers": [
        "react",
      ],
    },
    "packages/create-broapp": {
      "name": "create-broapp",
      "version": "0.1.0",
    },
  },
  "overrides": {
    "@brobridgejs/core": "0.2.0",
  },
  "packages": {
    "@brobridgejs/client": ["@brobridgejs/client@0.2.0", "", { "dependencies": { "@brobridgejs/core": "^0.2.0" } }, "sha512-EKID0Iy3KVy2/jr7StgNzU6k2EdwsDGru4B+Gm+cGpSfgJn4ceo4l/lQFubW9/IWcDNzHiE6ozZCNBJfFWD64Q=="],

    "@brobridgejs/core": ["@brobridgejs/core@0.2.0", "", {}, "sha512-pHa/mSTEXybr0dNpA51LB7RPfgNgVzOE3Qp/5+wIbF7P6bs3OMF3bUVrIc2CisKSwpL5WZ9Xa50NaJItDL5ZLA=="],

    "@types/bun": ["@types/bun@1.4.1", "", { "dependencies": { "bun-types": "1.4.1" } }, "sha512-0AVGiTXGajf1rgKom3N+c5L7CBxuoyyv1i44M0nX4UDK0G/fnRAMiri93nHuVPIb429KKtAgj7HatVmmOjeQLA=="],

    "@types/node": ["@types/node@26.4.1", "", { "dependencies": { "undici-types": "~8.3.0" } }, "sha512-k97ENvZWtvA6yqz5/FS6a7duDgOPEeOQOc2iKS/nY6mX6qJUKtLnWzQS+Xj6tXweyj6ZcTAK2Qecetnvi9nCLA=="],

    "@types/react": ["@types/react@19.2.18", "", { "dependencies": { "csstype": "^3.2.2" } }, "sha512-AnzbBERsrLKtk2XSfTbYRLjQPdy116Sty4q+T+Bp3IC4l6jNBvreVPAHmpq9qhXQM7CXZPjLVmGMw9sy+hxQ3w=="],

    "@types/react-dom": ["@types/react-dom@19.2.7", "", { "peerDependencies": { "@types/react": "^19.2.0" } }, "sha512-I8bPpDLcHBv1qiIiXDCy71Rt8eQDKJP0sMSWJphDdAcdqiJ1sGpZamavoEIRZmYzjia9LuEb2HlYdDpmoENpvQ=="],

    "@types/ws": ["@types/ws@8.18.1", "", { "dependencies": { "@types/node": "*" } }, "sha512-ThVF6DCVhA8kUGy+aazFQ4kXQ7E1Ty7A3ypFOe0IcJV8O/M511G99AW24irKrW56Wt44yG9+ij8FaqoBGkuBXg=="],

    "broapp": ["broapp@workspace:packages/broapp"],

    "brobridge": ["brobridge@0.2.0", "", { "dependencies": { "@brobridgejs/core": "workspace:^", "ws": "^8.21.3" } }, "sha512-7pLoh5+IvvMopMNjDVbc8w8PNRPjZiwOlAmzSaCpfPFLcu3ha9S8tD81XFFpPg+/UGmLBwfQWxUftJhKA7WVYw=="],

    "bun-types": ["bun-types@1.4.1", "", { "dependencies": { "@types/node": "*" } }, "sha512-loKuVrAFZKfEv+JvWkHRS9GW5IqLuLRjVXN9p+vZvBN86O5hf/pBZQ5hSoyipsrMmWObZBDvWnlmKvjKTM0PdA=="],

    "create-broapp": ["create-broapp@workspace:packages/create-broapp"],

    "csstype": ["csstype@3.2.3", "", {}, "sha512-z1HGKcYy2xA8AGQfwrn0PAy+PB7X/GSj3UVJW9qKyn43xWa+gl5nXmU4qqLMRzWVLFC8KusUX8T/0kCiOYpAIQ=="],

    "dashboard": ["dashboard@workspace:examples/dashboard"],

    "file-processor": ["file-processor@workspace:examples/file-processor"],

    "notes": ["notes@workspace:examples/notes"],

    "react": ["react@19.2.8", "", {}, "sha512-PWaYA1L/q9u2u7xYQi+Y3L3Yfnie7XyLeaJICV1MGD6LprsBxcAqGjYyr0eY3p+QdsA+x/Irkt4Qif8D63+Sbw=="],

    "react-dom": ["react-dom@19.2.8", "", { "dependencies": { "scheduler": "^0.27.0" }, "peerDependencies": { "react": "^19.2.8" } }, "sha512-rVprimfGBG3DR+Tq0IQG2DT5PxKth1WIGDmj5yPmlzr4YBe7uyE+Du4oVqTDXZSHGGGXRtTJEGSSePyQCMBglQ=="],

    "scheduler": ["scheduler@0.27.0", "", {}, "sha512-eNv+WrVbKu1f3vbYJT/xtiF5syA5HPIMtf9IgY/nKg0sWqzAUEvqY/xm7OcZc/qafLx/iO9FgOmeSAp4v5ti/Q=="],

    "typescript": ["typescript@5.9.3", "", { "bin": { "tsc": "bin/tsc", "tsserver": "bin/tsserver" } }, "sha512-jl1vZzPDinLr9eUt3J/t7V6FgNEw9QjvBPdysz9KfQDD41fQrC2Y4vKQdiaUpFT4bXlb1RHhLpp8wtm6M5TgSw=="],

    "undici-types": ["undici-types@8.3.0", "", {}, "sha512-j375ScV60dom+YkPFIfTLcOiPxkN/buHz5GobjLhixFuANaNs3C9l4GmrWqejgXWJ7BbJcFYpTEUkS1Ge8bpZQ=="],

    "ws": ["ws@8.21.3", "", { "peerDependencies": { "bufferutil": "^4.0.1", "utf-8-validate": ">=5.0.2" }, "optionalPeers": ["bufferutil", "utf-8-validate"] }, "sha512-201TZ/kPWxoPr/OKWjquZR1SWKXcvxdH+e1xrx89b3YbmzLMFCLfnaG1HFIgWzJOEWZ7MvpK++odZufgYR50Rw=="],
  }
}
